
Microsoft Visual Studio Solution File, Format Version 12.00
# Visual Studio 14
VisualStudioVersion = 14.0.25123.0
MinimumVisualStudioVersion = 10.0.40219.1
Project("{FAE04EC0-301F-11D3-BF4B-00C04F79EFBC}") = "VLCWPFDemo", "VLCWPFDemo\VLCWPFDemo.csproj", "{DD464F39-316D-40DF-ABCF-78767D60E05F}"
EndProject
Project("{54435603-DBB4-11D2-8724-00A0C9A8B90C}") = "VLCWPFDemoSetup", "VLCWPFDemoSetup\VLCWPFDemoSetup.vdproj", "{B3DC0FA4-935B-4EE6-90CC-7F81B6D8AC16}"
EndProject
Global
	GlobalSection(SolutionConfigurationPlatforms) = preSolution
		Debug|Any CPU = Debug|Any CPU
		Release|Any CPU = Release|Any CPU
	EndGlobalSection
	GlobalSection(ProjectConfigurationPlatforms) = postSolution
		{DD464F39-316D-40DF-ABCF-78767D60E05F}.Debug|Any CPU.ActiveCfg = Debug|Any CPU
		{DD464F39-316D-40DF-ABCF-78767D60E05F}.Debug|Any CPU.Build.0 = Debug|Any CPU
		{DD464F39-316D-40DF-ABCF-78767D60E05F}.Release|Any CPU.ActiveCfg = Release|Any CPU
		{DD464F39-316D-40DF-ABCF-78767D60E05F}.Release|Any CPU.Build.0 = Release|Any CPU
		{B3DC0FA4-935B-4EE6-90CC-7F81B6D8AC16}.Debug|Any CPU.ActiveCfg = Debug
		{B3DC0FA4-935B-4EE6-90CC-7F81B6D8AC16}.Release|Any CPU.ActiveCfg = Release
	EndGlobalSection
	GlobalSection(SolutionProperties) = preSolution
		HideSolutionNode = FALSE
	EndGlobalSection
EndGlobal
